
Microsoft Visual Studio Solution File, Format Version 12.00
# Visual Studio Version 17
VisualStudioVersion = 17.0.32002.185
MinimumVisualStudioVersion = 10.0.40219.1
Project("{FAE04EC0-301F-11D3-BF4B-00C04F79EFBC}") = "Entities", "Entities.csproj", "{2227C1A3-73F8-4366-8337-63C211E5C002}"
EndProject
Project("{FAE04EC0-301F-11D3-BF4B-00C04F79EFBC}") = "DataAccess", "..\ClassLibrary1\DataAccess.csproj", "{8D0A7670-3D1B-401C-B17D-A9635E700BD0}"
EndProject
Project("{FAE04EC0-301F-11D3-BF4B-00C04F79EFBC}") = "Business", "..\ClassLibrary2\Business.csproj", "{A8DD9E17-D184-435F-B40B-461B64E78A17}"
EndProject
Project("{FAE04EC0-301F-11D3-BF4B-00C04F79EFBC}") = "Core", "..\ClassLibrary3\Core.csproj", "{93F148B2-688F-4C7E-8E64-A0F66B332947}"
EndProject
Project("{FAE04EC0-301F-11D3-BF4B-00C04F79EFBC}") = "WebAPI", "..\WebAPI\WebAPI.csproj", "{CE919D83-D73E-455D-88BD-9BAD842D8BD4}"
EndProject
Project("{FAE04EC0-301F-11D3-BF4B-00C04F79EFBC}") = "ConsoleApp", "..\ConsoleApp\ConsoleApp.csproj", "{A2A1C8A6-F8BB-4EC7-A9E9-5DB523982BBA}"
EndProject
Global
	GlobalSection(SolutionConfigurationPlatforms) = preSolution
		Debug|Any CPU = Debug|Any CPU
		Release|Any CPU = Release|Any CPU
	EndGlobalSection
	GlobalSection(ProjectConfigurationPlatforms) = postSolution
		{2227C1A3-73F8-4366-8337-63C211E5C002}.Debug|Any CPU.ActiveCfg = Debug|Any CPU
		{2227C1A3-73F8-4366-8337-63C211E5C002}.Debug|Any CPU.Build.0 = Debug|Any CPU
		{2227C1A3-73F8-4366-8337-63C211E5C002}.Release|Any CPU.ActiveCfg = Release|Any CPU
		{2227C1A3-73F8-4366-8337-63C211E5C002}.Release|Any CPU.Build.0 = Release|Any CPU
		{8D0A7670-3D1B-401C-B17D-A9635E700BD0}.Debug|Any CPU.ActiveCfg = Debug|Any CPU
		{8D0A7670-3D1B-401C-B17D-A9635E700BD0}.Debug|Any CPU.Build.0 = Debug|Any CPU
		{8D0A7670-3D1B-401C-B17D-A9635E700BD0}.Release|Any CPU.ActiveCfg = Release|Any CPU
		{8D0A7670-3D1B-401C-B17D-A9635E700BD0}.Release|Any CPU.Build.0 = Release|Any CPU
		{A8DD9E17-D184-435F-B40B-461B64E78A17}.Debug|Any CPU.ActiveCfg = Debug|Any CPU
		{A8DD9E17-D184-435F-B40B-461B64E78A17}.Debug|Any CPU.Build.0 = Debug|Any CPU
		{A8DD9E17-D184-435F-B40B-461B64E78A17}.Release|Any CPU.ActiveCfg = Release|Any CPU
		{A8DD9E17-D184-435F-B40B-461B64E78A17}.Release|Any CPU.Build.0 = Release|Any CPU
		{93F148B2-688F-4C7E-8E64-A0F66B332947}.Debug|Any CPU.ActiveCfg = Debug|Any CPU
		{93F148B2-688F-4C7E-8E64-A0F66B332947}.Debug|Any CPU.Build.0 = Debug|Any CPU
		{93F148B2-688F-4C7E-8E64-A0F66B332947}.Release|Any CPU.ActiveCfg = Release|Any CPU
		{93F148B2-688F-4C7E-8E64-A0F66B332947}.Release|Any CPU.Build.0 = Release|Any CPU
		{CE919D83-D73E-455D-88BD-9BAD842D8BD4}.Debug|Any CPU.ActiveCfg = Debug|Any CPU
		{CE919D83-D73E-455D-88BD-9BAD842D8BD4}.Debug|Any CPU.Build.0 = Debug|Any CPU
		{CE919D83-D73E-455D-88BD-9BAD842D8BD4}.Release|Any CPU.ActiveCfg = Release|Any CPU
		{CE919D83-D73E-455D-88BD-9BAD842D8BD4}.Release|Any CPU.Build.0 = Release|Any CPU
		{A2A1C8A6-F8BB-4EC7-A9E9-5DB523982BBA}.Debug|Any CPU.ActiveCfg = Debug|Any CPU
		{A2A1C8A6-F8BB-4EC7-A9E9-5DB523982BBA}.Debug|Any CPU.Build.0 = Debug|Any CPU
		{A2A1C8A6-F8BB-4EC7-A9E9-5DB523982BBA}.Release|Any CPU.ActiveCfg = Release|Any CPU
		{A2A1C8A6-F8BB-4EC7-A9E9-5DB523982BBA}.Release|Any CPU.Build.0 = Release|Any CPU
	EndGlobalSection
	GlobalSection(SolutionProperties) = preSolution
		HideSolutionNode = FALSE
	EndGlobalSection
	GlobalSection(ExtensibilityGlobals) = postSolution
		SolutionGuid = {E142102E-3330-417C-80D1-1D9296B6F027}
	EndGlobalSection
EndGlobal
